
Microsoft Visual Studio Solution File, Format Version 12.00
# Visual Studio Version 17
VisualStudioVersion = 17.8.34330.188
MinimumVisualStudioVersion = 10.0.40219.1
Project("{FAE04EC0-301F-11D3-BF4B-00C04F79EFBC}") = "ArvoreRubroNegra", "ArvoreRubroNegra\ArvoreRubroNegra.csproj", "{058FDF84-6040-4337-A540-4936D1BB738F}"
EndProject
Global
	GlobalSection(SolutionConfigurationPlatforms) = preSolution
		Debug|Any CPU = Debug|Any CPU
		Release|Any CPU = Release|Any CPU
	EndGlobalSection
	GlobalSection(ProjectConfigurationPlatforms) = postSolution
		{058FDF84-6040-4337-A540-4936D1BB738F}.Debug|Any CPU.ActiveCfg = Debug|Any CPU
		{058FDF84-6040-4337-A540-4936D1BB738F}.Debug|Any CPU.Build.0 = Debug|Any CPU
		{058FDF84-6040-4337-A540-4936D1BB738F}.Release|Any CPU.ActiveCfg = Release|Any CPU
		{058FDF84-6040-4337-A540-4936D1BB738F}.Release|Any CPU.Build.0 = Release|Any CPU
	EndGlobalSection
	GlobalSection(SolutionProperties) = preSolution
		HideSolutionNode = FALSE
	EndGlobalSection
	GlobalSection(ExtensibilityGlobals) = postSolution
		SolutionGuid = {B5BCE3A7-B590-4CFD-9FB0-D43A43EB477B}
	EndGlobalSection
EndGlobal
